
Microsoft Visual Studio Solution File, Format Version 12.00
# Visual Studio Version 16
VisualStudioVersion = 16.0.29609.76
MinimumVisualStudioVersion = 10.0.40219.1
Project("{FAE04EC0-301F-11D3-BF4B-00C04F79EFBC}") = "Thomerson.Secret", "Thomerson.Secret.csproj", "{B7C20FB0-07DE-4EA2-AB93-FFB820A9AADB}"
EndProject
Project("{FAE04EC0-301F-11D3-BF4B-00C04F79EFBC}") = "Thomerson.Secret.Core", "..\Thomerson.Secret.Bisness\Thomerson.Secret.Core.csproj", "{96936B2E-0EEB-40FA-B6F2-FA102E32EB00}"
EndProject
Project("{FAE04EC0-301F-11D3-BF4B-00C04F79EFBC}") = "Thomerson.Secret.Model", "..\Thomerson.Secret.Model\Thomerson.Secret.Model.csproj", "{5E4EDB76-94AD-478B-BB4C-1B653501B37E}"
EndProject
Global
	GlobalSection(SolutionConfigurationPlatforms) = preSolution
		Debug|Any CPU = Debug|Any CPU
		Release|Any CPU = Release|Any CPU
	EndGlobalSection
	GlobalSection(ProjectConfigurationPlatforms) = postSolution
		{B7C20FB0-07DE-4EA2-AB93-FFB820A9AADB}.Debug|Any CPU.ActiveCfg = Debug|Any CPU
		{B7C20FB0-07DE-4EA2-AB93-FFB820A9AADB}.Debug|Any CPU.Build.0 = Debug|Any CPU
		{B7C20FB0-07DE-4EA2-AB93-FFB820A9AADB}.Release|Any CPU.ActiveCfg = Release|Any CPU
		{B7C20FB0-07DE-4EA2-AB93-FFB820A9AADB}.Release|Any CPU.Build.0 = Release|Any CPU
		{96936B2E-0EEB-40FA-B6F2-FA102E32EB00}.Debug|Any CPU.ActiveCfg = Debug|Any CPU
		{96936B2E-0EEB-40FA-B6F2-FA102E32EB00}.Debug|Any CPU.Build.0 = Debug|Any CPU
		{96936B2E-0EEB-40FA-B6F2-FA102E32EB00}.Release|Any CPU.ActiveCfg = Release|Any CPU
		{96936B2E-0EEB-40FA-B6F2-FA102E32EB00}.Release|Any CPU.Build.0 = Release|Any CPU
		{5E4EDB76-94AD-478B-BB4C-1B653501B37E}.Debug|Any CPU.ActiveCfg = Debug|Any CPU
		{5E4EDB76-94AD-478B-BB4C-1B653501B37E}.Debug|Any CPU.Build.0 = Debug|Any CPU
		{5E4EDB76-94AD-478B-BB4C-1B653501B37E}.Release|Any CPU.ActiveCfg = Release|Any CPU
		{5E4EDB76-94AD-478B-BB4C-1B653501B37E}.Release|Any CPU.Build.0 = Release|Any CPU
	EndGlobalSection
	GlobalSection(SolutionProperties) = preSolution
		HideSolutionNode = FALSE
	EndGlobalSection
	GlobalSection(ExtensibilityGlobals) = postSolution
		SolutionGuid = {FBF235EC-F1A1-4D5A-929D-85A1F7C77A07}
	EndGlobalSection
EndGlobal
